// !$*UTF8*$!
{
	archiveVersion = 1;
	classes = {
	};
	objectVersion = 51;
	objects = {

/* Begin PBXBuildFile section */
		24164C8C8EF0D69D34A0CAB0 /* Pods_PaymentsApp.framework in Frameworks */ = {isa = PBXBuildFile; fileRef = 786D8EC4A189A758FBFE2090 /* Pods_PaymentsApp.framework */; };
		BE5A87682694D7E2008B1B92 /* AuthorizationView.swift in Sources */ = {isa = PBXBuildFile; fileRef = BE5A87672694D7E2008B1B92 /* AuthorizationView.swift */; };
		BE6DD424269AFE4400811D14 /* PaymentsAppTests.swift in Sources */ = {isa = PBXBuildFile; fileRef = BE6DD423269AFE4400811D14 /* PaymentsAppTests.swift */; };
		BE6DD42C269B058000811D14 /* NetworkServiceTests.swift in Sources */ = {isa = PBXBuildFile; fileRef = BE6DD42B269B058000811D14 /* NetworkServiceTests.swift */; };
		BE6DD42E269B0F6A00811D14 /* ObjectDataSourceTests.swift in Sources */ = {isa = PBXBuildFile; fileRef = BE6DD42D269B0F6A00811D14 /* ObjectDataSourceTests.swift */; };
		BE6DD430269B69C800811D14 /* AuthorizationVCTests.swift in Sources */ = {isa = PBXBuildFile; fileRef = BE6DD42F269B69C800811D14 /* AuthorizationVCTests.swift */; };
		BE6DD432269B6FF100811D14 /* AlertsTests.swift in Sources */ = {isa = PBXBuildFile; fileRef = BE6DD431269B6FF100811D14 /* AlertsTests.swift */; };
		BE906DFE268F08DD00D9A35E /* AppDelegate.swift in Sources */ = {isa = PBXBuildFile; fileRef = BE906DFD268F08DD00D9A35E /* AppDelegate.swift */; };
		BE906E00268F08DD00D9A35E /* SceneDelegate.swift in Sources */ = {isa = PBXBuildFile; fileRef = BE906DFF268F08DD00D9A35E /* SceneDelegate.swift */; };
		BE906E07268F08E000D9A35E /* Assets.xcassets in Resources */ = {isa = PBXBuildFile; fileRef = BE906E06268F08E000D9A35E /* Assets.xcassets */; };
		BE906E0A268F08E000D9A35E /* LaunchScreen.storyboard in Resources */ = {isa = PBXBuildFile; fileRef = BE906E08268F08E000D9A35E /* LaunchScreen.storyboard */; };
		BE906E12268F099700D9A35E /* AuthorizationVC.swift in Sources */ = {isa = PBXBuildFile; fileRef = BE906E11268F099700D9A35E /* AuthorizationVC.swift */; };
		BE906E15268F140700D9A35E /* NetworkingService.swift in Sources */ = {isa = PBXBuildFile; fileRef = BE906E14268F140700D9A35E /* NetworkingService.swift */; };
		BE906E19268F1F2C00D9A35E /* PaymentsVC.swift in Sources */ = {isa = PBXBuildFile; fileRef = BE906E18268F1F2C00D9A35E /* PaymentsVC.swift */; };
		BE906E1B268F2B5200D9A35E /* PaymentCell.swift in Sources */ = {isa = PBXBuildFile; fileRef = BE906E1A268F2B5200D9A35E /* PaymentCell.swift */; };
		BE906E1D268F443000D9A35E /* Alerts.swift in Sources */ = {isa = PBXBuildFile; fileRef = BE906E1C268F443000D9A35E /* Alerts.swift */; };
		BE906E1F268F588000D9A35E /* SessionApp.swift in Sources */ = {isa = PBXBuildFile; fileRef = BE906E1E268F588000D9A35E /* SessionApp.swift */; };
		BE906E2826902F1300D9A35E /* PaymentCell+Constraints.swift in Sources */ = {isa = PBXBuildFile; fileRef = BE906E2726902F1300D9A35E /* PaymentCell+Constraints.swift */; };
		BE906E2C26903EBE00D9A35E /* PaymentModel.swift in Sources */ = {isa = PBXBuildFile; fileRef = BE906E2B26903EBE00D9A35E /* PaymentModel.swift */; };
		BECEBE3426963BBE00A0D7F4 /* HasAuthorizationViewProtocol.swift in Sources */ = {isa = PBXBuildFile; fileRef = BECEBE3326963BBE00A0D7F4 /* HasAuthorizationViewProtocol.swift */; };
		BEF44E8326957D0D00F7976F /* ObjectDataSource.swift in Sources */ = {isa = PBXBuildFile; fileRef = BEF44E8226957D0D00F7976F /* ObjectDataSource.swift */; };
		BEF44E8B2695CA4500F7976F /* PaymentsVC+Constraints.swift in Sources */ = {isa = PBXBuildFile; fileRef = BEF44E8A2695CA4500F7976F /* PaymentsVC+Constraints.swift */; };
/* End PBXBuildFile section */

/* Begin PBXContainerItemProxy section */
		BE6DD426269AFE4400811D14 /* PBXContainerItemProxy */ = {
			isa = PBXContainerItemProxy;
			containerPortal = BE906DF2268F08DD00D9A35E /* Project object */;
			proxyType = 1;
			remoteGlobalIDString = BE906DF9268F08DD00D9A35E;
			remoteInfo = PaymentsApp;
		};
/* End PBXContainerItemProxy section */

/* Begin PBXFileReference section */
		786D8EC4A189A758FBFE2090 /* Pods_PaymentsApp.framework */ = {isa = PBXFileReference; explicitFileType = wrapper.framework; includeInIndex = 0; path = Pods_PaymentsApp.framework; sourceTree = BUILT_PRODUCTS_DIR; };
		A38D220EAED481223376ACBB /* Pods-PaymentsApp.debug.xcconfig */ = {isa = PBXFileReference; includeInIndex = 1; lastKnownFileType = text.xcconfig; name = "Pods-PaymentsApp.debug.xcconfig"; path = "Target Support Files/Pods-PaymentsApp/Pods-PaymentsApp.debug.xcconfig"; sourceTree = "<group>"; };
		BE5A87672694D7E2008B1B92 /* AuthorizationView.swift */ = {isa = PBXFileReference; lastKnownFileType = sourcecode.swift; path = AuthorizationView.swift; sourceTree = "<group>"; };
		BE6DD421269AFE4400811D14 /* PaymentsAppTests.xctest */ = {isa = PBXFileReference; explicitFileType = wrapper.cfbundle; includeInIndex = 0; path = PaymentsAppTests.xctest; sourceTree = BUILT_PRODUCTS_DIR; };
		BE6DD423269AFE4400811D14 /* PaymentsAppTests.swift */ = {isa = PBXFileReference; lastKnownFileType = sourcecode.swift; path = PaymentsAppTests.swift; sourceTree = "<group>"; };
		BE6DD425269AFE4400811D14 /* Info.plist */ = {isa = PBXFileReference; lastKnownFileType = text.plist.xml; path = Info.plist; sourceTree = "<group>"; };
		BE6DD42B269B058000811D14 /* NetworkServiceTests.swift */ = {isa = PBXFileReference; lastKnownFileType = sourcecode.swift; path = NetworkServiceTests.swift; sourceTree = "<group>"; };
		BE6DD42D269B0F6A00811D14 /* ObjectDataSourceTests.swift */ = {isa = PBXFileReference; lastKnownFileType = sourcecode.swift; path = ObjectDataSourceTests.swift; sourceTree = "<group>"; };
		BE6DD42F269B69C800811D14 /* AuthorizationVCTests.swift */ = {isa = PBXFileReference; lastKnownFileType = sourcecode.swift; path = AuthorizationVCTests.swift; sourceTree = "<group>"; };
		BE6DD431269B6FF100811D14 /* AlertsTests.swift */ = {isa = PBXFileReference; lastKnownFileType = sourcecode.swift; path = AlertsTests.swift; sourceTree = "<group>"; };
		BE906DFA268F08DD00D9A35E /* PaymentsApp.app */ = {isa = PBXFileReference; explicitFileType = wrapper.application; includeInIndex = 0; path = PaymentsApp.app; sourceTree = BUILT_PRODUCTS_DIR; };
		BE906DFD268F08DD00D9A35E /* AppDelegate.swift */ = {isa = PBXFileReference; lastKnownFileType = sourcecode.swift; path = AppDelegate.swift; sourceTree = "<group>"; };
		BE906DFF268F08DD00D9A35E /* SceneDelegate.swift */ = {isa = PBXFileReference; lastKnownFileType = sourcecode.swift; path = SceneDelegate.swift; sourceTree = "<group>"; };
		BE906E06268F08E000D9A35E /* Assets.xcassets */ = {isa = PBXFileReference; lastKnownFileType = folder.assetcatalog; path = Assets.xcassets; sourceTree = "<group>"; };
		BE906E09268F08E000D9A35E /* Base */ = {isa = PBXFileReference; lastKnownFileType = file.storyboard; name = Base; path = Base.lproj/LaunchScreen.storyboard; sourceTree = "<group>"; };
		BE906E0B268F08E000D9A35E /* Info.plist */ = {isa = PBXFileReference; lastKnownFileType = text.plist.xml; path = Info.plist; sourceTree = "<group>"; };
		BE906E11268F099700D9A35E /* AuthorizationVC.swift */ = {isa = PBXFileReference; lastKnownFileType = sourcecode.swift; path = AuthorizationVC.swift; sourceTree = "<group>"; };
		BE906E14268F140700D9A35E /* NetworkingService.swift */ = {isa = PBXFileReference; lastKnownFileType = sourcecode.swift; path = NetworkingService.swift; sourceTree = "<group>"; };
		BE906E18268F1F2C00D9A35E /* PaymentsVC.swift */ = {isa = PBXFileReference; lastKnownFileType = sourcecode.swift; path = PaymentsVC.swift; sourceTree = "<group>"; };
		BE906E1A268F2B5200D9A35E /* PaymentCell.swift */ = {isa = PBXFileReference; lastKnownFileType = sourcecode.swift; path = PaymentCell.swift; sourceTree = "<group>"; };
		BE906E1C268F443000D9A35E /* Alerts.swift */ = {isa = PBXFileReference; lastKnownFileType = sourcecode.swift; path = Alerts.swift; sourceTree = "<group>"; };
		BE906E1E268F588000D9A35E /* SessionApp.swift */ = {isa = PBXFileReference; lastKnownFileType = sourcecode.swift; path = SessionApp.swift; sourceTree = "<group>"; };
		BE906E2726902F1300D9A35E /* PaymentCell+Constraints.swift */ = {isa = PBXFileReference; lastKnownFileType = sourcecode.swift; path = "PaymentCell+Constraints.swift"; sourceTree = "<group>"; };
		BE906E2B26903EBE00D9A35E /* PaymentModel.swift */ = {isa = PBXFileReference; lastKnownFileType = sourcecode.swift; path = PaymentModel.swift; sourceTree = "<group>"; };
		BECEBE3326963BBE00A0D7F4 /* HasAuthorizationViewProtocol.swift */ = {isa = PBXFileReference; lastKnownFileType = sourcecode.swift; path = HasAuthorizationViewProtocol.swift; sourceTree = "<group>"; };
		BEF44E8226957D0D00F7976F /* ObjectDataSource.swift */ = {isa = PBXFileReference; lastKnownFileType = sourcecode.swift; path = ObjectDataSource.swift; sourceTree = "<group>"; };
		BEF44E8A2695CA4500F7976F /* PaymentsVC+Constraints.swift */ = {isa = PBXFileReference; fileEncoding = 4; lastKnownFileType = sourcecode.swift; path = "PaymentsVC+Constraints.swift"; sourceTree = "<group>"; };
		DF60876BFE6C46699C8C9437 /* Pods-PaymentsApp.release.xcconfig */ = {isa = PBXFileReference; includeInIndex = 1; lastKnownFileType = text.xcconfig; name = "Pods-PaymentsApp.release.xcconfig"; path = "Target Support Files/Pods-PaymentsApp/Pods-PaymentsApp.release.xcconfig"; sourceTree = "<group>"; };
/* End PBXFileReference section */

/* Begin PBXFrameworksBuildPhase section */
		BE6DD41E269AFE4400811D14 /* Frameworks */ = {
			isa = PBXFrameworksBuildPhase;
			buildActionMask = 2147483647;
			files = (
			);
			runOnlyForDeploymentPostprocessing = 0;
		};
		BE906DF7268F08DD00D9A35E /* Frameworks */ = {
			isa = PBXFrameworksBuildPhase;
			buildActionMask = 2147483647;
			files = (
				24164C8C8EF0D69D34A0CAB0 /* Pods_PaymentsApp.framework in Frameworks */,
			);
			runOnlyForDeploymentPostprocessing = 0;
		};
/* End PBXFrameworksBuildPhase section */

/* Begin PBXGroup section */
		36D1F23DA01AA18BAAFBE876 /* Pods */ = {
			isa = PBXGroup;
			children = (
				A38D220EAED481223376ACBB /* Pods-PaymentsApp.debug.xcconfig */,
				DF60876BFE6C46699C8C9437 /* Pods-PaymentsApp.release.xcconfig */,
			);
			path = Pods;
			sourceTree = "<group>";
		};
		792678FB56B6A8C94D4474E8 /* Frameworks */ = {
			isa = PBXGroup;
			children = (
				786D8EC4A189A758FBFE2090 /* Pods_PaymentsApp.framework */,
			);
			name = Frameworks;
			sourceTree = "<group>";
		};
		BE6DD422269AFE4400811D14 /* PaymentsAppTests */ = {
			isa = PBXGroup;
			children = (
				BE6DD423269AFE4400811D14 /* PaymentsAppTests.swift */,
				BE6DD42B269B058000811D14 /* NetworkServiceTests.swift */,
				BE6DD425269AFE4400811D14 /* Info.plist */,
				BE6DD42D269B0F6A00811D14 /* ObjectDataSourceTests.swift */,
				BE6DD42F269B69C800811D14 /* AuthorizationVCTests.swift */,
				BE6DD431269B6FF100811D14 /* AlertsTests.swift */,
			);
			path = PaymentsAppTests;
			sourceTree = "<group>";
		};
		BE90188D2691066300DE23B9 /* View */ = {
			isa = PBXGroup;
			children = (
				BE906E1A268F2B5200D9A35E /* PaymentCell.swift */,
			);
			path = View;
			sourceTree = "<group>";
		};
		BE906DF1268F08DD00D9A35E = {
			isa = PBXGroup;
			children = (
				BE906DFC268F08DD00D9A35E /* PaymentsApp */,
				BE6DD422269AFE4400811D14 /* PaymentsAppTests */,
				BE906DFB268F08DD00D9A35E /* Products */,
				36D1F23DA01AA18BAAFBE876 /* Pods */,
				792678FB56B6A8C94D4474E8 /* Frameworks */,
			);
			sourceTree = "<group>";
		};
		BE906DFB268F08DD00D9A35E /* Products */ = {
			isa = PBXGroup;
			children = (
				BE906DFA268F08DD00D9A35E /* PaymentsApp.app */,
				BE6DD421269AFE4400811D14 /* PaymentsAppTests.xctest */,
			);
			name = Products;
			sourceTree = "<group>";
		};
		BE906DFC268F08DD00D9A35E /* PaymentsApp */ = {
			isa = PBXGroup;
			children = (
				BECEBE35269704A600A0D7F4 /* Protocols */,
				BEF44E892695C9FA00F7976F /* Objects */,
				BEF44E882695C9DC00F7976F /* CustomViews */,
				BE906E2626902EE500D9A35E /* Extensions */,
				BE90188D2691066300DE23B9 /* View */,
				BE906E21268F9A0900D9A35E /* Model */,
				BE906E22268F9A1000D9A35E /* Controllers */,
				BE906E13268F13ED00D9A35E /* ServiceLayer */,
				BE906E23268F9A3400D9A35E /* System */,
				BE906E0B268F08E000D9A35E /* Info.plist */,
			);
			path = PaymentsApp;
			sourceTree = "<group>";
		};
		BE906E13268F13ED00D9A35E /* ServiceLayer */ = {
			isa = PBXGroup;
			children = (
				BE906E14268F140700D9A35E /* NetworkingService.swift */,
				BE906E1C268F443000D9A35E /* Alerts.swift */,
				BE906E1E268F588000D9A35E /* SessionApp.swift */,
			);
			path = ServiceLayer;
			sourceTree = "<group>";
		};
		BE906E21268F9A0900D9A35E /* Model */ = {
			isa = PBXGroup;
			children = (
				BE906E2B26903EBE00D9A35E /* PaymentModel.swift */,
			);
			path = Model;
			sourceTree = "<group>";
		};
		BE906E22268F9A1000D9A35E /* Controllers */ = {
			isa = PBXGroup;
			children = (
				BE906E11268F099700D9A35E /* AuthorizationVC.swift */,
				BE906E18268F1F2C00D9A35E /* PaymentsVC.swift */,
			);
			path = Controllers;
			sourceTree = "<group>";
		};
		BE906E23268F9A3400D9A35E /* System */ = {
			isa = PBXGroup;
			children = (
				BE906DFD268F08DD00D9A35E /* AppDelegate.swift */,
				BE906DFF268F08DD00D9A35E /* SceneDelegate.swift */,
				BE906E06268F08E000D9A35E /* Assets.xcassets */,
				BE906E08268F08E000D9A35E /* LaunchScreen.storyboard */,
			);
			path = System;
			sourceTree = "<group>";
		};
		BE906E2626902EE500D9A35E /* Extensions */ = {
			isa = PBXGroup;
			children = (
				BEF44E8A2695CA4500F7976F /* PaymentsVC+Constraints.swift */,
				BE906E2726902F1300D9A35E /* PaymentCell+Constraints.swift */,
			);
			path = Extensions;
			sourceTree = "<group>";
		};
		BECEBE35269704A600A0D7F4 /* Protocols */ = {
			isa = PBXGroup;
			children = (
				BECEBE3326963BBE00A0D7F4 /* HasAuthorizationViewProtocol.swift */,
			);
			path = Protocols;
			sourceTree = "<group>";
		};
		BEF44E882695C9DC00F7976F /* CustomViews */ = {
			isa = PBXGroup;
			children = (
				BE5A87672694D7E2008B1B92 /* AuthorizationView.swift */,
			);
			path = CustomViews;
			sourceTree = "<group>";
		};
		BEF44E892695C9FA00F7976F /* Objects */ = {
			isa = PBXGroup;
			children = (
				BEF44E8226957D0D00F7976F /* ObjectDataSource.swift */,
			);
			path = Objects;
			sourceTree = "<group>";
		};
/* End PBXGroup section */

/* Begin PBXNativeTarget section */
		BE6DD420269AFE4400811D14 /* PaymentsAppTests */ = {
			isa = PBXNativeTarget;
			buildConfigurationList = BE6DD42A269AFE4400811D14 /* Build configuration list for PBXNativeTarget "PaymentsAppTests" */;
			buildPhases = (
				BE6DD41D269AFE4400811D14 /* Sources */,
				BE6DD41E269AFE4400811D14 /* Frameworks */,
				BE6DD41F269AFE4400811D14 /* Resources */,
			);
			buildRules = (
			);
			dependencies = (
				BE6DD427269AFE4400811D14 /* PBXTargetDependency */,
			);
			name = PaymentsAppTests;
			productName = PaymentsAppTests;
			productReference = BE6DD421269AFE4400811D14 /* PaymentsAppTests.xctest */;
			productType = "com.apple.product-type.bundle.unit-test";
		};
		BE906DF9268F08DD00D9A35E /* PaymentsApp */ = {
			isa = PBXNativeTarget;
			buildConfigurationList = BE906E0E268F08E000D9A35E /* Build configuration list for PBXNativeTarget "PaymentsApp" */;
			buildPhases = (
				8A8209582E3D0CE7C5599418 /* [CP] Check Pods Manifest.lock */,
				BE906DF6268F08DD00D9A35E /* Sources */,
				BE906DF7268F08DD00D9A35E /* Frameworks */,
				BE906DF8268F08DD00D9A35E /* Resources */,
				9FBA4C6B1987C8A56D5CD584 /* [CP] Embed Pods Frameworks */,
			);
			buildRules = (
			);
			dependencies = (
			);
			name = PaymentsApp;
			productName = PaymentsApp;
			productReference = BE906DFA268F08DD00D9A35E /* PaymentsApp.app */;
			productType = "com.apple.product-type.application";
		};
/* End PBXNativeTarget section */

/* Begin PBXProject section */
		BE906DF2268F08DD00D9A35E /* Project object */ = {
			isa = PBXProject;
			attributes = {
				LastSwiftUpdateCheck = 1250;
				LastUpgradeCheck = 1250;
				TargetAttributes = {
					BE6DD420269AFE4400811D14 = {
						CreatedOnToolsVersion = 12.5.1;
						TestTargetID = BE906DF9268F08DD00D9A35E;
					};
					BE906DF9268F08DD00D9A35E = {
						CreatedOnToolsVersion = 12.5.1;
					};
				};
			};
			buildConfigurationList = BE906DF5268F08DD00D9A35E /* Build configuration list for PBXProject "PaymentsApp" */;
			compatibilityVersion = "Xcode 9.3";
			developmentRegion = en;
			hasScannedForEncodings = 0;
			knownRegions = (
				en,
				Base,
			);
			mainGroup = BE906DF1268F08DD00D9A35E;
			productRefGroup = BE906DFB268F08DD00D9A35E /* Products */;
			projectDirPath = "";
			projectRoot = "";
			targets = (
				BE906DF9268F08DD00D9A35E /* PaymentsApp */,
				BE6DD420269AFE4400811D14 /* PaymentsAppTests */,
			);
		};
/* End PBXProject section */

/* Begin PBXResourcesBuildPhase section */
		BE6DD41F269AFE4400811D14 /* Resources */ = {
			isa = PBXResourcesBuildPhase;
			buildActionMask = 2147483647;
			files = (
			);
			runOnlyForDeploymentPostprocessing = 0;
		};
		BE906DF8268F08DD00D9A35E /* Resources */ = {
			isa = PBXResourcesBuildPhase;
			buildActionMask = 2147483647;
			files = (
				BE906E0A268F08E000D9A35E /* LaunchScreen.storyboard in Resources */,
				BE906E07268F08E000D9A35E /* Assets.xcassets in Resources */,
			);
			runOnlyForDeploymentPostprocessing = 0;
		};
/* End PBXResourcesBuildPhase section */

/* Begin PBXShellScriptBuildPhase section */
		8A8209582E3D0CE7C5599418 /* [CP] Check Pods Manifest.lock */ = {
			isa = PBXShellScriptBuildPhase;
			buildActionMask = 2147483647;
			files = (
			);
			inputFileListPaths = (
			);
			inputPaths = (
				"${PODS_PODFILE_DIR_PATH}/Podfile.lock",
				"${PODS_ROOT}/Manifest.lock",
			);
			name = "[CP] Check Pods Manifest.lock";
			outputFileListPaths = (
			);
			outputPaths = (
				"$(DERIVED_FILE_DIR)/Pods-PaymentsApp-checkManifestLockResult.txt",
			);
			runOnlyForDeploymentPostprocessing = 0;
			shellPath = /bin/sh;
			shellScript = "diff \"${PODS_PODFILE_DIR_PATH}/Podfile.lock\" \"${PODS_ROOT}/Manifest.lock\" > /dev/null\nif [ $? != 0 ] ; then\n    # print error to STDERR\n    echo \"error: The sandbox is not in sync with the Podfile.lock. Run 'pod install' or update your CocoaPods installation.\" >&2\n    exit 1\nfi\n# This output is used by Xcode 'outputs' to avoid re-running this script phase.\necho \"SUCCESS\" > \"${SCRIPT_OUTPUT_FILE_0}\"\n";
			showEnvVarsInLog = 0;
		};
		9FBA4C6B1987C8A56D5CD584 /* [CP] Embed Pods Frameworks */ = {
			isa = PBXShellScriptBuildPhase;
			buildActionMask = 2147483647;
			files = (
			);
			inputFileListPaths = (
				"${PODS_ROOT}/Target Support Files/Pods-PaymentsApp/Pods-PaymentsApp-frameworks-${CONFIGURATION}-input-files.xcfilelist",
			);
			name = "[CP] Embed Pods Frameworks";
			outputFileListPaths = (
				"${PODS_ROOT}/Target Support Files/Pods-PaymentsApp/Pods-PaymentsApp-frameworks-${CONFIGURATION}-output-files.xcfilelist",
			);
			runOnlyForDeploymentPostprocessing = 0;
			shellPath = /bin/sh;
			shellScript = "\"${PODS_ROOT}/Target Support Files/Pods-PaymentsApp/Pods-PaymentsApp-frameworks.sh\"\n";
			showEnvVarsInLog = 0;
		};
/* End PBXShellScriptBuildPhase section */

/* Begin PBXSourcesBuildPhase section */
		BE6DD41D269AFE4400811D14 /* Sources */ = {
			isa = PBXSourcesBuildPhase;
			buildActionMask = 2147483647;
			files = (
				BE6DD432269B6FF100811D14 /* AlertsTests.swift in Sources */,
				BE6DD430269B69C800811D14 /* AuthorizationVCTests.swift in Sources */,
				BE6DD42C269B058000811D14 /* NetworkServiceTests.swift in Sources */,
				BE6DD424269AFE4400811D14 /* PaymentsAppTests.swift in Sources */,
				BE6DD42E269B0F6A00811D14 /* ObjectDataSourceTests.swift in Sources */,
			);
			runOnlyForDeploymentPostprocessing = 0;
		};
		BE906DF6268F08DD00D9A35E /* Sources */ = {
			isa = PBXSourcesBuildPhase;
			buildActionMask = 2147483647;
			files = (
				BE906E2C26903EBE00D9A35E /* PaymentModel.swift in Sources */,
				BEF44E8326957D0D00F7976F /* ObjectDataSource.swift in Sources */,
				BEF44E8B2695CA4500F7976F /* PaymentsVC+Constraints.swift in Sources */,
				BE906E1F268F588000D9A35E /* SessionApp.swift in Sources */,
				BE906E12268F099700D9A35E /* AuthorizationVC.swift in Sources */,
				BE906DFE268F08DD00D9A35E /* AppDelegate.swift in Sources */,
				BECEBE3426963BBE00A0D7F4 /* HasAuthorizationViewProtocol.swift in Sources */,
				BE906E1D268F443000D9A35E /* Alerts.swift in Sources */,
				BE906E00268F08DD00D9A35E /* SceneDelegate.swift in Sources */,
				BE906E2826902F1300D9A35E /* PaymentCell+Constraints.swift in Sources */,
				BE5A87682694D7E2008B1B92 /* AuthorizationView.swift in Sources */,
				BE906E1B268F2B5200D9A35E /* PaymentCell.swift in Sources */,
				BE906E15268F140700D9A35E /* NetworkingService.swift in Sources */,
				BE906E19268F1F2C00D9A35E /* PaymentsVC.swift in Sources */,
			);
			runOnlyForDeploymentPostprocessing = 0;
		};
/* End PBXSourcesBuildPhase section */

/* Begin PBXTargetDependency section */
		BE6DD427269AFE4400811D14 /* PBXTargetDependency */ = {
			isa = PBXTargetDependency;
			target = BE906DF9268F08DD00D9A35E /* PaymentsApp */;
			targetProxy = BE6DD426269AFE4400811D14 /* PBXContainerItemProxy */;
		};
/* End PBXTargetDependency section */

/* Begin PBXVariantGroup section */
		BE906E08268F08E000D9A35E /* LaunchScreen.storyboard */ = {
			isa = PBXVariantGroup;
			children = (
				BE906E09268F08E000D9A35E /* Base */,
			);
			name = LaunchScreen.storyboard;
			sourceTree = "<group>";
		};
/* End PBXVariantGroup section */

/* Begin XCBuildConfiguration section */
		BE6DD428269AFE4400811D14 /* Debug */ = {
			isa = XCBuildConfiguration;
			buildSettings = {
				BUNDLE_LOADER = "$(TEST_HOST)";
				CODE_SIGN_STYLE = Automatic;
				DEVELOPMENT_TEAM = H5W6DUL8QB;
				INFOPLIST_FILE = PaymentsAppTests/Info.plist;
				LD_RUNPATH_SEARCH_PATHS = (
					"$(inherited)",
					"@executable_path/Frameworks",
					"@loader_path/Frameworks",
				);
				PRODUCT_BUNDLE_IDENTIFIER = "Vinyar-project.PaymentsAppTests";
				PRODUCT_NAME = "$(TARGET_NAME)";
				SWIFT_VERSION = 5.0;
				TARGETED_DEVICE_FAMILY = "1,2";
				TEST_HOST = "$(BUILT_PRODUCTS_DIR)/PaymentsApp.app/PaymentsApp";
			};
			name = Debug;
		};
		BE6DD429269AFE4400811D14 /* Release */ = {
			isa = XCBuildConfiguration;
			buildSettings = {
				BUNDLE_LOADER = "$(TEST_HOST)";
				CODE_SIGN_STYLE = Automatic;
				DEVELOPMENT_TEAM = H5W6DUL8QB;
				INFOPLIST_FILE = PaymentsAppTests/Info.plist;
				LD_RUNPATH_SEARCH_PATHS = (
					"$(inherited)",
					"@executable_path/Frameworks",
					"@loader_path/Frameworks",
				);
				PRODUCT_BUNDLE_IDENTIFIER = "Vinyar-project.PaymentsAppTests";
				PRODUCT_NAME = "$(TARGET_NAME)";
				SWIFT_VERSION = 5.0;
				TARGETED_DEVICE_FAMILY = "1,2";
				TEST_HOST = "$(BUILT_PRODUCTS_DIR)/PaymentsApp.app/PaymentsApp";
			};
			name = Release;
		};
		BE906E0C268F08E000D9A35E /* Debug */ = {
			isa = XCBuildConfiguration;
			buildSettings = {
				ALWAYS_SEARCH_USER_PATHS = NO;
				CLANG_ANALYZER_NONNULL = YES;
				CLANG_ANALYZER_NUMBER_OBJECT_CONVERSION = YES_AGGRESSIVE;
				CLANG_CXX_LANGUAGE_STANDARD = "gnu++14";
				CLANG_CXX_LIBRARY = "libc++";
				CLANG_ENABLE_MODULES = YES;
				CLANG_ENABLE_OBJC_ARC = YES;
				CLANG_ENABLE_OBJC_WEAK = YES;
				CLANG_WARN_BLOCK_CAPTURE_AUTORELEASING = YES;
				CLANG_WARN_BOOL_CONVERSION = YES;
				CLANG_WARN_COMMA = YES;
				CLANG_WARN_CONSTANT_CONVERSION = YES;
				CLANG_WARN_DEPRECATED_OBJC_IMPLEMENTATIONS = YES;
				CLANG_WARN_DIRECT_OBJC_ISA_USAGE = YES_ERROR;
				CLANG_WARN_DOCUMENTATION_COMMENTS = YES;
				CLANG_WARN_EMPTY_BODY = YES;
				CLANG_WARN_ENUM_CONVERSION = YES;
				CLANG_WARN_INFINITE_RECURSION = YES;
				CLANG_WARN_INT_CONVERSION = YES;
				CLANG_WARN_NON_LITERAL_NULL_CONVERSION = YES;
				CLANG_WARN_OBJC_IMPLICIT_RETAIN_SELF = YES;
				CLANG_WARN_OBJC_LITERAL_CONVERSION = YES;
				CLANG_WARN_OBJC_ROOT_CLASS = YES_ERROR;
				CLANG_WARN_QUOTED_INCLUDE_IN_FRAMEWORK_HEADER = YES;
				CLANG_WARN_RANGE_LOOP_ANALYSIS = YES;
				CLANG_WARN_STRICT_PROTOTYPES = YES;
				CLANG_WARN_SUSPICIOUS_MOVE = YES;
				CLANG_WARN_UNGUARDED_AVAILABILITY = YES_AGGRESSIVE;
				CLANG_WARN_UNREACHABLE_CODE = YES;
				CLANG_WARN__DUPLICATE_METHOD_MATCH = YES;
				COPY_PHASE_STRIP = NO;
				DEBUG_INFORMATION_FORMAT = dwarf;
				ENABLE_STRICT_OBJC_MSGSEND = YES;
				ENABLE_TESTABILITY = YES;
				GCC_C_LANGUAGE_STANDARD = gnu11;
				GCC_DYNAMIC_NO_PIC = NO;
				GCC_NO_COMMON_BLOCKS = YES;
				GCC_OPTIMIZATION_LEVEL = 0;
				GCC_PREPROCESSOR_DEFINITIONS = (
					"DEBUG=1",
					"$(inherited)",
				);
				GCC_WARN_64_TO_32_BIT_CONVERSION = YES;
				GCC_WARN_ABOUT_RETURN_TYPE = YES_ERROR;
				GCC_WARN_UNDECLARED_SELECTOR = YES;
				GCC_WARN_UNINITIALIZED_AUTOS = YES_AGGRESSIVE;
				GCC_WARN_UNUSED_FUNCTION = YES;
				GCC_WARN_UNUSED_VARIABLE = YES;
				IPHONEOS_DEPLOYMENT_TARGET = 14.5;
				MTL_ENABLE_DEBUG_INFO = INCLUDE_SOURCE;
				MTL_FAST_MATH = YES;
				ONLY_ACTIVE_ARCH = YES;
				SDKROOT = iphoneos;
				SWIFT_ACTIVE_COMPILATION_CONDITIONS = DEBUG;
				SWIFT_OPTIMIZATION_LEVEL = "-Onone";
			};
			name = Debug;
		};
		BE906E0D268F08E000D9A35E /* Release */ = {
			isa = XCBuildConfiguration;
			buildSettings = {
				ALWAYS_SEARCH_USER_PATHS = NO;
				CLANG_ANALYZER_NONNULL = YES;
				CLANG_ANALYZER_NUMBER_OBJECT_CONVERSION = YES_AGGRESSIVE;
				CLANG_CXX_LANGUAGE_STANDARD = "gnu++14";
				CLANG_CXX_LIBRARY = "libc++";
				CLANG_ENABLE_MODULES = YES;
				CLANG_ENABLE_OBJC_ARC = YES;
				CLANG_ENABLE_OBJC_WEAK = YES;
				CLANG_WARN_BLOCK_CAPTURE_AUTORELEASING = YES;
				CLANG_WARN_BOOL_CONVERSION = YES;
				CLANG_WARN_COMMA = YES;
				CLANG_WARN_CONSTANT_CONVERSION = YES;
				CLANG_WARN_DEPRECATED_OBJC_IMPLEMENTATIONS = YES;
				CLANG_WARN_DIRECT_OBJC_ISA_USAGE = YES_ERROR;
				CLANG_WARN_DOCUMENTATION_COMMENTS = YES;
				CLANG_WARN_EMPTY_BODY = YES;
				CLANG_WARN_ENUM_CONVERSION = YES;
				CLANG_WARN_INFINITE_RECURSION = YES;
				CLANG_WARN_INT_CONVERSION = YES;
				CLANG_WARN_NON_LITERAL_NULL_CONVERSION = YES;
				CLANG_WARN_OBJC_IMPLICIT_RETAIN_SELF = YES;
				CLANG_WARN_OBJC_LITERAL_CONVERSION = YES;
				CLANG_WARN_OBJC_ROOT_CLASS = YES_ERROR;
				CLANG_WARN_QUOTED_INCLUDE_IN_FRAMEWORK_HEADER = YES;
				CLANG_WARN_RANGE_LOOP_ANALYSIS = YES;
				CLANG_WARN_STRICT_PROTOTYPES = YES;
				CLANG_WARN_SUSPICIOUS_MOVE = YES;
				CLANG_WARN_UNGUARDED_AVAILABILITY = YES_AGGRESSIVE;
				CLANG_WARN_UNREACHABLE_CODE = YES;
				CLANG_WARN__DUPLICATE_METHOD_MATCH = YES;
				COPY_PHASE_STRIP = NO;
				DEBUG_INFORMATION_FORMAT = "dwarf-with-dsym";
				ENABLE_NS_ASSERTIONS = NO;
				ENABLE_STRICT_OBJC_MSGSEND = YES;
				GCC_C_LANGUAGE_STANDARD = gnu11;
				GCC_NO_COMMON_BLOCKS = YES;
				GCC_WARN_64_TO_32_BIT_CONVERSION = YES;
				GCC_WARN_ABOUT_RETURN_TYPE = YES_ERROR;
				GCC_WARN_UNDECLARED_SELECTOR = YES;
				GCC_WARN_UNINITIALIZED_AUTOS = YES_AGGRESSIVE;
				GCC_WARN_UNUSED_FUNCTION = YES;
				GCC_WARN_UNUSED_VARIABLE = YES;
				IPHONEOS_DEPLOYMENT_TARGET = 14.5;
				MTL_ENABLE_DEBUG_INFO = NO;
				MTL_FAST_MATH = YES;
				SDKROOT = iphoneos;
				SWIFT_COMPILATION_MODE = wholemodule;
				SWIFT_OPTIMIZATION_LEVEL = "-O";
				VALIDATE_PRODUCT = YES;
			};
			name = Release;
		};
		BE906E0F268F08E000D9A35E /* Debug */ = {
			isa = XCBuildConfiguration;
			baseConfigurationReference = A38D220EAED481223376ACBB /* Pods-PaymentsApp.debug.xcconfig */;
			buildSettings = {
				ASSETCATALOG_COMPILER_APPICON_NAME = AppIcon;
				ASSETCATALOG_COMPILER_GLOBAL_ACCENT_COLOR_NAME = AccentColor;
				CODE_SIGN_STYLE = Automatic;
				DEVELOPMENT_TEAM = H5W6DUL8QB;
				INFOPLIST_FILE = PaymentsApp/Info.plist;
				LD_RUNPATH_SEARCH_PATHS = (
					"$(inherited)",
					"@executable_path/Frameworks",
				);
				PRODUCT_BUNDLE_IDENTIFIER = "Vinyar-project.PaymentsApp";
				PRODUCT_NAME = "$(TARGET_NAME)";
				SWIFT_VERSION = 5.0;
				TARGETED_DEVICE_FAMILY = "1,2";
			};
			name = Debug;
		};
		BE906E10268F08E000D9A35E /* Release */ = {
			isa = XCBuildConfiguration;
			baseConfigurationReference = DF60876BFE6C46699C8C9437 /* Pods-PaymentsApp.release.xcconfig */;
			buildSettings = {
				ASSETCATALOG_COMPILER_APPICON_NAME = AppIcon;
				ASSETCATALOG_COMPILER_GLOBAL_ACCENT_COLOR_NAME = AccentColor;
				CODE_SIGN_STYLE = Automatic;
				DEVELOPMENT_TEAM = H5W6DUL8QB;
				INFOPLIST_FILE = PaymentsApp/Info.plist;
				LD_RUNPATH_SEARCH_PATHS = (
					"$(inherited)",
					"@executable_path/Frameworks",
				);
				PRODUCT_BUNDLE_IDENTIFIER = "Vinyar-project.PaymentsApp";
				PRODUCT_NAME = "$(TARGET_NAME)";
				SWIFT_VERSION = 5.0;
				TARGETED_DEVICE_FAMILY = "1,2";
			};
			name = Release;
		};
/* End XCBuildConfiguration section */

/* Begin XCConfigurationList section */
		BE6DD42A269AFE4400811D14 /* Build configuration list for PBXNativeTarget "PaymentsAppTests" */ = {
			isa = XCConfigurationList;
			buildConfigurations = (
				BE6DD428269AFE4400811D14 /* Debug */,
				BE6DD429269AFE4400811D14 /* Release */,
			);
			defaultConfigurationIsVisible = 0;
			defaultConfigurationName = Release;
		};
		BE906DF5268F08DD00D9A35E /* Build configuration list for PBXProject "PaymentsApp" */ = {
			isa = XCConfigurationList;
			buildConfigurations = (
				BE906E0C268F08E000D9A35E /* Debug */,
				BE906E0D268F08E000D9A35E /* Release */,
			);
			defaultConfigurationIsVisible = 0;
			defaultConfigurationName = Release;
		};
		BE906E0E268F08E000D9A35E /* Build configuration list for PBXNativeTarget "PaymentsApp" */ = {
			isa = XCConfigurationList;
			buildConfigurations = (
				BE906E0F268F08E000D9A35E /* Debug */,
				BE906E10268F08E000D9A35E /* Release */,
			);
			defaultConfigurationIsVisible = 0;
			defaultConfigurationName = Release;
		};
/* End XCConfigurationList section */
	};
	rootObject = BE906DF2268F08DD00D9A35E /* Project object */;
}
