// !$*UTF8*$!
{
	archiveVersion = 1;
	classes = {
	};
	objectVersion = 50;
	objects = {

/* Begin PBXBuildFile section */
		BE906DFE268F08DD00D9A35E /* AppDelegate.swift in Sources */ = {isa = PBXBuildFile; fileRef = BE906DFD268F08DD00D9A35E /* AppDelegate.swift */; };
		BE906E00268F08DD00D9A35E /* SceneDelegate.swift in Sources */ = {isa = PBXBuildFile; fileRef = BE906DFF268F08DD00D9A35E /* SceneDelegate.swift */; };
		BE906E07268F08E000D9A35E /* Assets.xcassets in Resources */ = {isa = PBXBuildFile; fileRef = BE906E06268F08E000D9A35E /* Assets.xcassets */; };
		BE906E0A268F08E000D9A35E /* LaunchScreen.storyboard in Resources */ = {isa = PBXBuildFile; fileRef = BE906E08268F08E000D9A35E /* LaunchScreen.storyboard */; };
		BE906E12268F099700D9A35E /* AuthorizationVC.swift in Sources */ = {isa = PBXBuildFile; fileRef = BE906E11268F099700D9A35E /* AuthorizationVC.swift */; };
		BE906E15268F140700D9A35E /* NetworkingService.swift in Sources */ = {isa = PBXBuildFile; fileRef = BE906E14268F140700D9A35E /* NetworkingService.swift */; };
		BE906E19268F1F2C00D9A35E /* PaymentsVC.swift in Sources */ = {isa = PBXBuildFile; fileRef = BE906E18268F1F2C00D9A35E /* PaymentsVC.swift */; };
		BE906E1B268F2B5200D9A35E /* PaymentCell.swift in Sources */ = {isa = PBXBuildFile; fileRef = BE906E1A268F2B5200D9A35E /* PaymentCell.swift */; };
		BE906E1D268F443000D9A35E /* Alerts.swift in Sources */ = {isa = PBXBuildFile; fileRef = BE906E1C268F443000D9A35E /* Alerts.swift */; };
		BE906E1F268F588000D9A35E /* SessionApp.swift in Sources */ = {isa = PBXBuildFile; fileRef = BE906E1E268F588000D9A35E /* SessionApp.swift */; };
		BE906E2526902E4A00D9A35E /* PaymentsVC+Constraints.swift in Sources */ = {isa = PBXBuildFile; fileRef = BE906E2426902E4A00D9A35E /* PaymentsVC+Constraints.swift */; };
		BE906E2826902F1300D9A35E /* PaymentCell+Constraints.swift in Sources */ = {isa = PBXBuildFile; fileRef = BE906E2726902F1300D9A35E /* PaymentCell+Constraints.swift */; };
		BE906E2A2690305300D9A35E /* AuthorizationVC+Constraints.swift in Sources */ = {isa = PBXBuildFile; fileRef = BE906E292690305300D9A35E /* AuthorizationVC+Constraints.swift */; };
/* End PBXBuildFile section */

/* Begin PBXFileReference section */
		BE906DFA268F08DD00D9A35E /* PaymentsApp.app */ = {isa = PBXFileReference; explicitFileType = wrapper.application; includeInIndex = 0; path = PaymentsApp.app; sourceTree = BUILT_PRODUCTS_DIR; };
		BE906DFD268F08DD00D9A35E /* AppDelegate.swift */ = {isa = PBXFileReference; lastKnownFileType = sourcecode.swift; path = AppDelegate.swift; sourceTree = "<group>"; };
		BE906DFF268F08DD00D9A35E /* SceneDelegate.swift */ = {isa = PBXFileReference; lastKnownFileType = sourcecode.swift; path = SceneDelegate.swift; sourceTree = "<group>"; };
		BE906E06268F08E000D9A35E /* Assets.xcassets */ = {isa = PBXFileReference; lastKnownFileType = folder.assetcatalog; path = Assets.xcassets; sourceTree = "<group>"; };
		BE906E09268F08E000D9A35E /* Base */ = {isa = PBXFileReference; lastKnownFileType = file.storyboard; name = Base; path = Base.lproj/LaunchScreen.storyboard; sourceTree = "<group>"; };
		BE906E0B268F08E000D9A35E /* Info.plist */ = {isa = PBXFileReference; lastKnownFileType = text.plist.xml; path = Info.plist; sourceTree = "<group>"; };
		BE906E11268F099700D9A35E /* AuthorizationVC.swift */ = {isa = PBXFileReference; lastKnownFileType = sourcecode.swift; path = AuthorizationVC.swift; sourceTree = "<group>"; };
		BE906E14268F140700D9A35E /* NetworkingService.swift */ = {isa = PBXFileReference; lastKnownFileType = sourcecode.swift; path = NetworkingService.swift; sourceTree = "<group>"; };
		BE906E18268F1F2C00D9A35E /* PaymentsVC.swift */ = {isa = PBXFileReference; lastKnownFileType = sourcecode.swift; path = PaymentsVC.swift; sourceTree = "<group>"; };
		BE906E1A268F2B5200D9A35E /* PaymentCell.swift */ = {isa = PBXFileReference; lastKnownFileType = sourcecode.swift; path = PaymentCell.swift; sourceTree = "<group>"; };
		BE906E1C268F443000D9A35E /* Alerts.swift */ = {isa = PBXFileReference; lastKnownFileType = sourcecode.swift; path = Alerts.swift; sourceTree = "<group>"; };
		BE906E1E268F588000D9A35E /* SessionApp.swift */ = {isa = PBXFileReference; lastKnownFileType = sourcecode.swift; path = SessionApp.swift; sourceTree = "<group>"; };
		BE906E2426902E4A00D9A35E /* PaymentsVC+Constraints.swift */ = {isa = PBXFileReference; lastKnownFileType = sourcecode.swift; path = "PaymentsVC+Constraints.swift"; sourceTree = "<group>"; };
		BE906E2726902F1300D9A35E /* PaymentCell+Constraints.swift */ = {isa = PBXFileReference; lastKnownFileType = sourcecode.swift; path = "PaymentCell+Constraints.swift"; sourceTree = "<group>"; };
		BE906E292690305300D9A35E /* AuthorizationVC+Constraints.swift */ = {isa = PBXFileReference; lastKnownFileType = sourcecode.swift; path = "AuthorizationVC+Constraints.swift"; sourceTree = "<group>"; };
/* End PBXFileReference section */

/* Begin PBXFrameworksBuildPhase section */
		BE906DF7268F08DD00D9A35E /* Frameworks */ = {
			isa = PBXFrameworksBuildPhase;
			buildActionMask = 2147483647;
			files = (
			);
			runOnlyForDeploymentPostprocessing = 0;
		};
/* End PBXFrameworksBuildPhase section */

/* Begin PBXGroup section */
		BE906DF1268F08DD00D9A35E = {
			isa = PBXGroup;
			children = (
				BE906DFC268F08DD00D9A35E /* PaymentsApp */,
				BE906DFB268F08DD00D9A35E /* Products */,
			);
			sourceTree = "<group>";
		};
		BE906DFB268F08DD00D9A35E /* Products */ = {
			isa = PBXGroup;
			children = (
				BE906DFA268F08DD00D9A35E /* PaymentsApp.app */,
			);
			name = Products;
			sourceTree = "<group>";
		};
		BE906DFC268F08DD00D9A35E /* PaymentsApp */ = {
			isa = PBXGroup;
			children = (
				BE906E2626902EE500D9A35E /* Extensions */,
				BE906E21268F9A0900D9A35E /* Model */,
				BE906E22268F9A1000D9A35E /* View */,
				BE906E13268F13ED00D9A35E /* ServiceLayer */,
				BE906E23268F9A3400D9A35E /* System */,
				BE906E0B268F08E000D9A35E /* Info.plist */,
			);
			path = PaymentsApp;
			sourceTree = "<group>";
		};
		BE906E13268F13ED00D9A35E /* ServiceLayer */ = {
			isa = PBXGroup;
			children = (
				BE906E14268F140700D9A35E /* NetworkingService.swift */,
				BE906E1C268F443000D9A35E /* Alerts.swift */,
				BE906E1E268F588000D9A35E /* SessionApp.swift */,
			);
			path = ServiceLayer;
			sourceTree = "<group>";
		};
		BE906E21268F9A0900D9A35E /* Model */ = {
			isa = PBXGroup;
			children = (
			);
			path = Model;
			sourceTree = "<group>";
		};
		BE906E22268F9A1000D9A35E /* View */ = {
			isa = PBXGroup;
			children = (
				BE906E11268F099700D9A35E /* AuthorizationVC.swift */,
				BE906E18268F1F2C00D9A35E /* PaymentsVC.swift */,
				BE906E1A268F2B5200D9A35E /* PaymentCell.swift */,
			);
			path = View;
			sourceTree = "<group>";
		};
		BE906E23268F9A3400D9A35E /* System */ = {
			isa = PBXGroup;
			children = (
				BE906DFD268F08DD00D9A35E /* AppDelegate.swift */,
				BE906DFF268F08DD00D9A35E /* SceneDelegate.swift */,
				BE906E06268F08E000D9A35E /* Assets.xcassets */,
				BE906E08268F08E000D9A35E /* LaunchScreen.storyboard */,
			);
			path = System;
			sourceTree = "<group>";
		};
		BE906E2626902EE500D9A35E /* Extensions */ = {
			isa = PBXGroup;
			children = (
				BE906E292690305300D9A35E /* AuthorizationVC+Constraints.swift */,
				BE906E2426902E4A00D9A35E /* PaymentsVC+Constraints.swift */,
				BE906E2726902F1300D9A35E /* PaymentCell+Constraints.swift */,
			);
			path = Extensions;
			sourceTree = "<group>";
		};
/* End PBXGroup section */

/* Begin PBXNativeTarget section */
		BE906DF9268F08DD00D9A35E /* PaymentsApp */ = {
			isa = PBXNativeTarget;
			buildConfigurationList = BE906E0E268F08E000D9A35E /* Build configuration list for PBXNativeTarget "PaymentsApp" */;
			buildPhases = (
				BE906DF6268F08DD00D9A35E /* Sources */,
				BE906DF7268F08DD00D9A35E /* Frameworks */,
				BE906DF8268F08DD00D9A35E /* Resources */,
			);
			buildRules = (
			);
			dependencies = (
			);
			name = PaymentsApp;
			productName = PaymentsApp;
			productReference = BE906DFA268F08DD00D9A35E /* PaymentsApp.app */;
			productType = "com.apple.product-type.application";
		};
/* End PBXNativeTarget section */

/* Begin PBXProject section */
		BE906DF2268F08DD00D9A35E /* Project object */ = {
			isa = PBXProject;
			attributes = {
				LastSwiftUpdateCheck = 1250;
				LastUpgradeCheck = 1250;
				TargetAttributes = {
					BE906DF9268F08DD00D9A35E = {
						CreatedOnToolsVersion = 12.5.1;
					};
				};
			};
			buildConfigurationList = BE906DF5268F08DD00D9A35E /* Build configuration list for PBXProject "PaymentsApp" */;
			compatibilityVersion = "Xcode 9.3";
			developmentRegion = en;
			hasScannedForEncodings = 0;
			knownRegions = (
				en,
				Base,
			);
			mainGroup = BE906DF1268F08DD00D9A35E;
			productRefGroup = BE906DFB268F08DD00D9A35E /* Products */;
			projectDirPath = "";
			projectRoot = "";
			targets = (
				BE906DF9268F08DD00D9A35E /* PaymentsApp */,
			);
		};
/* End PBXProject section */

/* Begin PBXResourcesBuildPhase section */
		BE906DF8268F08DD00D9A35E /* Resources */ = {
			isa = PBXResourcesBuildPhase;
			buildActionMask = 2147483647;
			files = (
				BE906E0A268F08E000D9A35E /* LaunchScreen.storyboard in Resources */,
				BE906E07268F08E000D9A35E /* Assets.xcassets in Resources */,
			);
			runOnlyForDeploymentPostprocessing = 0;
		};
/* End PBXResourcesBuildPhase section */

/* Begin PBXSourcesBuildPhase section */
		BE906DF6268F08DD00D9A35E /* Sources */ = {
			isa = PBXSourcesBuildPhase;
			buildActionMask = 2147483647;
			files = (
				BE906E2A2690305300D9A35E /* AuthorizationVC+Constraints.swift in Sources */,
				BE906E1F268F588000D9A35E /* SessionApp.swift in Sources */,
				BE906E12268F099700D9A35E /* AuthorizationVC.swift in Sources */,
				BE906DFE268F08DD00D9A35E /* AppDelegate.swift in Sources */,
				BE906E1D268F443000D9A35E /* Alerts.swift in Sources */,
				BE906E00268F08DD00D9A35E /* SceneDelegate.swift in Sources */,
				BE906E2826902F1300D9A35E /* PaymentCell+Constraints.swift in Sources */,
				BE906E1B268F2B5200D9A35E /* PaymentCell.swift in Sources */,
				BE906E15268F140700D9A35E /* NetworkingService.swift in Sources */,
				BE906E19268F1F2C00D9A35E /* PaymentsVC.swift in Sources */,
				BE906E2526902E4A00D9A35E /* PaymentsVC+Constraints.swift in Sources */,
			);
			runOnlyForDeploymentPostprocessing = 0;
		};
/* End PBXSourcesBuildPhase section */

/* Begin PBXVariantGroup section */
		BE906E08268F08E000D9A35E /* LaunchScreen.storyboard */ = {
			isa = PBXVariantGroup;
			children = (
				BE906E09268F08E000D9A35E /* Base */,
			);
			name = LaunchScreen.storyboard;
			sourceTree = "<group>";
		};
/* End PBXVariantGroup section */

/* Begin XCBuildConfiguration section */
		BE906E0C268F08E000D9A35E /* Debug */ = {
			isa = XCBuildConfiguration;
			buildSettings = {
				ALWAYS_SEARCH_USER_PATHS = NO;
				CLANG_ANALYZER_NONNULL = YES;
				CLANG_ANALYZER_NUMBER_OBJECT_CONVERSION = YES_AGGRESSIVE;
				CLANG_CXX_LANGUAGE_STANDARD = "gnu++14";
				CLANG_CXX_LIBRARY = "libc++";
				CLANG_ENABLE_MODULES = YES;
				CLANG_ENABLE_OBJC_ARC = YES;
				CLANG_ENABLE_OBJC_WEAK = YES;
				CLANG_WARN_BLOCK_CAPTURE_AUTORELEASING = YES;
				CLANG_WARN_BOOL_CONVERSION = YES;
				CLANG_WARN_COMMA = YES;
				CLANG_WARN_CONSTANT_CONVERSION = YES;
				CLANG_WARN_DEPRECATED_OBJC_IMPLEMENTATIONS = YES;
				CLANG_WARN_DIRECT_OBJC_ISA_USAGE = YES_ERROR;
				CLANG_WARN_DOCUMENTATION_COMMENTS = YES;
				CLANG_WARN_EMPTY_BODY = YES;
				CLANG_WARN_ENUM_CONVERSION = YES;
				CLANG_WARN_INFINITE_RECURSION = YES;
				CLANG_WARN_INT_CONVERSION = YES;
				CLANG_WARN_NON_LITERAL_NULL_CONVERSION = YES;
				CLANG_WARN_OBJC_IMPLICIT_RETAIN_SELF = YES;
				CLANG_WARN_OBJC_LITERAL_CONVERSION = YES;
				CLANG_WARN_OBJC_ROOT_CLASS = YES_ERROR;
				CLANG_WARN_QUOTED_INCLUDE_IN_FRAMEWORK_HEADER = YES;
				CLANG_WARN_RANGE_LOOP_ANALYSIS = YES;
				CLANG_WARN_STRICT_PROTOTYPES = YES;
				CLANG_WARN_SUSPICIOUS_MOVE = YES;
				CLANG_WARN_UNGUARDED_AVAILABILITY = YES_AGGRESSIVE;
				CLANG_WARN_UNREACHABLE_CODE = YES;
				CLANG_WARN__DUPLICATE_METHOD_MATCH = YES;
				COPY_PHASE_STRIP = NO;
				DEBUG_INFORMATION_FORMAT = dwarf;
				ENABLE_STRICT_OBJC_MSGSEND = YES;
				ENABLE_TESTABILITY = YES;
				GCC_C_LANGUAGE_STANDARD = gnu11;
				GCC_DYNAMIC_NO_PIC = NO;
				GCC_NO_COMMON_BLOCKS = YES;
				GCC_OPTIMIZATION_LEVEL = 0;
				GCC_PREPROCESSOR_DEFINITIONS = (
					"DEBUG=1",
					"$(inherited)",
				);
				GCC_WARN_64_TO_32_BIT_CONVERSION = YES;
				GCC_WARN_ABOUT_RETURN_TYPE = YES_ERROR;
				GCC_WARN_UNDECLARED_SELECTOR = YES;
				GCC_WARN_UNINITIALIZED_AUTOS = YES_AGGRESSIVE;
				GCC_WARN_UNUSED_FUNCTION = YES;
				GCC_WARN_UNUSED_VARIABLE = YES;
				IPHONEOS_DEPLOYMENT_TARGET = 14.5;
				MTL_ENABLE_DEBUG_INFO = INCLUDE_SOURCE;
				MTL_FAST_MATH = YES;
				ONLY_ACTIVE_ARCH = YES;
				SDKROOT = iphoneos;
				SWIFT_ACTIVE_COMPILATION_CONDITIONS = DEBUG;
				SWIFT_OPTIMIZATION_LEVEL = "-Onone";
			};
			name = Debug;
		};
		BE906E0D268F08E000D9A35E /* Release */ = {
			isa = XCBuildConfiguration;
			buildSettings = {
				ALWAYS_SEARCH_USER_PATHS = NO;
				CLANG_ANALYZER_NONNULL = YES;
				CLANG_ANALYZER_NUMBER_OBJECT_CONVERSION = YES_AGGRESSIVE;
				CLANG_CXX_LANGUAGE_STANDARD = "gnu++14";
				CLANG_CXX_LIBRARY = "libc++";
				CLANG_ENABLE_MODULES = YES;
				CLANG_ENABLE_OBJC_ARC = YES;
				CLANG_ENABLE_OBJC_WEAK = YES;
				CLANG_WARN_BLOCK_CAPTURE_AUTORELEASING = YES;
				CLANG_WARN_BOOL_CONVERSION = YES;
				CLANG_WARN_COMMA = YES;
				CLANG_WARN_CONSTANT_CONVERSION = YES;
				CLANG_WARN_DEPRECATED_OBJC_IMPLEMENTATIONS = YES;
				CLANG_WARN_DIRECT_OBJC_ISA_USAGE = YES_ERROR;
				CLANG_WARN_DOCUMENTATION_COMMENTS = YES;
				CLANG_WARN_EMPTY_BODY = YES;
				CLANG_WARN_ENUM_CONVERSION = YES;
				CLANG_WARN_INFINITE_RECURSION = YES;
				CLANG_WARN_INT_CONVERSION = YES;
				CLANG_WARN_NON_LITERAL_NULL_CONVERSION = YES;
				CLANG_WARN_OBJC_IMPLICIT_RETAIN_SELF = YES;
				CLANG_WARN_OBJC_LITERAL_CONVERSION = YES;
				CLANG_WARN_OBJC_ROOT_CLASS = YES_ERROR;
				CLANG_WARN_QUOTED_INCLUDE_IN_FRAMEWORK_HEADER = YES;
				CLANG_WARN_RANGE_LOOP_ANALYSIS = YES;
				CLANG_WARN_STRICT_PROTOTYPES = YES;
				CLANG_WARN_SUSPICIOUS_MOVE = YES;
				CLANG_WARN_UNGUARDED_AVAILABILITY = YES_AGGRESSIVE;
				CLANG_WARN_UNREACHABLE_CODE = YES;
				CLANG_WARN__DUPLICATE_METHOD_MATCH = YES;
				COPY_PHASE_STRIP = NO;
				DEBUG_INFORMATION_FORMAT = "dwarf-with-dsym";
				ENABLE_NS_ASSERTIONS = NO;
				ENABLE_STRICT_OBJC_MSGSEND = YES;
				GCC_C_LANGUAGE_STANDARD = gnu11;
				GCC_NO_COMMON_BLOCKS = YES;
				GCC_WARN_64_TO_32_BIT_CONVERSION = YES;
				GCC_WARN_ABOUT_RETURN_TYPE = YES_ERROR;
				GCC_WARN_UNDECLARED_SELECTOR = YES;
				GCC_WARN_UNINITIALIZED_AUTOS = YES_AGGRESSIVE;
				GCC_WARN_UNUSED_FUNCTION = YES;
				GCC_WARN_UNUSED_VARIABLE = YES;
				IPHONEOS_DEPLOYMENT_TARGET = 14.5;
				MTL_ENABLE_DEBUG_INFO = NO;
				MTL_FAST_MATH = YES;
				SDKROOT = iphoneos;
				SWIFT_COMPILATION_MODE = wholemodule;
				SWIFT_OPTIMIZATION_LEVEL = "-O";
				VALIDATE_PRODUCT = YES;
			};
			name = Release;
		};
		BE906E0F268F08E000D9A35E /* Debug */ = {
			isa = XCBuildConfiguration;
			buildSettings = {
				ASSETCATALOG_COMPILER_APPICON_NAME = AppIcon;
				ASSETCATALOG_COMPILER_GLOBAL_ACCENT_COLOR_NAME = AccentColor;
				CODE_SIGN_STYLE = Automatic;
				DEVELOPMENT_TEAM = H5W6DUL8QB;
				INFOPLIST_FILE = PaymentsApp/Info.plist;
				LD_RUNPATH_SEARCH_PATHS = (
					"$(inherited)",
					"@executable_path/Frameworks",
				);
				PRODUCT_BUNDLE_IDENTIFIER = "Vinyar-project.PaymentsApp";
				PRODUCT_NAME = "$(TARGET_NAME)";
				SWIFT_VERSION = 5.0;
				TARGETED_DEVICE_FAMILY = "1,2";
			};
			name = Debug;
		};
		BE906E10268F08E000D9A35E /* Release */ = {
			isa = XCBuildConfiguration;
			buildSettings = {
				ASSETCATALOG_COMPILER_APPICON_NAME = AppIcon;
				ASSETCATALOG_COMPILER_GLOBAL_ACCENT_COLOR_NAME = AccentColor;
				CODE_SIGN_STYLE = Automatic;
				DEVELOPMENT_TEAM = H5W6DUL8QB;
				INFOPLIST_FILE = PaymentsApp/Info.plist;
				LD_RUNPATH_SEARCH_PATHS = (
					"$(inherited)",
					"@executable_path/Frameworks",
				);
				PRODUCT_BUNDLE_IDENTIFIER = "Vinyar-project.PaymentsApp";
				PRODUCT_NAME = "$(TARGET_NAME)";
				SWIFT_VERSION = 5.0;
				TARGETED_DEVICE_FAMILY = "1,2";
			};
			name = Release;
		};
/* End XCBuildConfiguration section */

/* Begin XCConfigurationList section */
		BE906DF5268F08DD00D9A35E /* Build configuration list for PBXProject "PaymentsApp" */ = {
			isa = XCConfigurationList;
			buildConfigurations = (
				BE906E0C268F08E000D9A35E /* Debug */,
				BE906E0D268F08E000D9A35E /* Release */,
			);
			defaultConfigurationIsVisible = 0;
			defaultConfigurationName = Release;
		};
		BE906E0E268F08E000D9A35E /* Build configuration list for PBXNativeTarget "PaymentsApp" */ = {
			isa = XCConfigurationList;
			buildConfigurations = (
				BE906E0F268F08E000D9A35E /* Debug */,
				BE906E10268F08E000D9A35E /* Release */,
			);
			defaultConfigurationIsVisible = 0;
			defaultConfigurationName = Release;
		};
/* End XCConfigurationList section */
	};
	rootObject = BE906DF2268F08DD00D9A35E /* Project object */;
}
